
Microsoft Visual Studio Solution File, Format Version 12.00
# Visual Studio 15
Project("{FAE04EC0-301F-11D3-BF4B-00C04F79EFBC}") = "LeapMotion", "LeapMotion.csproj", "{44EA5CE6-B622-D923-D60D-AB077F4A3126}"
EndProject
Project("{FAE04EC0-301F-11D3-BF4B-00C04F79EFBC}") = "Assembly-CSharp", "Assembly-CSharp.csproj", "{B3E647E8-0270-E8E5-9529-DD384054E35D}"
EndProject
Project("{FAE04EC0-301F-11D3-BF4B-00C04F79EFBC}") = "LeapMotion.LeapCSharp", "LeapMotion.LeapCSharp.csproj", "{B17BA6A7-8382-40C7-5D76-FA7845AFDF10}"
EndProject
Project("{FAE04EC0-301F-11D3-BF4B-00C04F79EFBC}") = "Assembly-CSharp-firstpass", "Assembly-CSharp-firstpass.csproj", "{FD8EAF15-6789-6A26-3427-F93E483B4982}"
EndProject
Project("{FAE04EC0-301F-11D3-BF4B-00C04F79EFBC}") = "Assembly-CSharp-Editor-firstpass", "Assembly-CSharp-Editor-firstpass.csproj", "{8F63C5DC-7D69-D0B3-7B0D-1AEB44120099}"
EndProject
Global
	GlobalSection(SolutionConfigurationPlatforms) = preSolution
		Debug|Any CPU = Debug|Any CPU
		Release|Any CPU = Release|Any CPU
	EndGlobalSection
	GlobalSection(ProjectConfigurationPlatforms) = postSolution
		{44EA5CE6-B622-D923-D60D-AB077F4A3126}.Debug|Any CPU.ActiveCfg = Debug|Any CPU
		{44EA5CE6-B622-D923-D60D-AB077F4A3126}.Debug|Any CPU.Build.0 = Debug|Any CPU
		{44EA5CE6-B622-D923-D60D-AB077F4A3126}.Release|Any CPU.ActiveCfg = Release|Any CPU
		{44EA5CE6-B622-D923-D60D-AB077F4A3126}.Release|Any CPU.Build.0 = Release|Any CPU
		{B3E647E8-0270-E8E5-9529-DD384054E35D}.Debug|Any CPU.ActiveCfg = Debug|Any CPU
		{B3E647E8-0270-E8E5-9529-DD384054E35D}.Debug|Any CPU.Build.0 = Debug|Any CPU
		{B3E647E8-0270-E8E5-9529-DD384054E35D}.Release|Any CPU.ActiveCfg = Release|Any CPU
		{B3E647E8-0270-E8E5-9529-DD384054E35D}.Release|Any CPU.Build.0 = Release|Any CPU
		{B17BA6A7-8382-40C7-5D76-FA7845AFDF10}.Debug|Any CPU.ActiveCfg = Debug|Any CPU
		{B17BA6A7-8382-40C7-5D76-FA7845AFDF10}.Debug|Any CPU.Build.0 = Debug|Any CPU
		{B17BA6A7-8382-40C7-5D76-FA7845AFDF10}.Release|Any CPU.ActiveCfg = Release|Any CPU
		{B17BA6A7-8382-40C7-5D76-FA7845AFDF10}.Release|Any CPU.Build.0 = Release|Any CPU
		{FD8EAF15-6789-6A26-3427-F93E483B4982}.Debug|Any CPU.ActiveCfg = Debug|Any CPU
		{FD8EAF15-6789-6A26-3427-F93E483B4982}.Debug|Any CPU.Build.0 = Debug|Any CPU
		{FD8EAF15-6789-6A26-3427-F93E483B4982}.Release|Any CPU.ActiveCfg = Release|Any CPU
		{FD8EAF15-6789-6A26-3427-F93E483B4982}.Release|Any CPU.Build.0 = Release|Any CPU
		{8F63C5DC-7D69-D0B3-7B0D-1AEB44120099}.Debug|Any CPU.ActiveCfg = Debug|Any CPU
		{8F63C5DC-7D69-D0B3-7B0D-1AEB44120099}.Debug|Any CPU.Build.0 = Debug|Any CPU
		{8F63C5DC-7D69-D0B3-7B0D-1AEB44120099}.Release|Any CPU.ActiveCfg = Release|Any CPU
		{8F63C5DC-7D69-D0B3-7B0D-1AEB44120099}.Release|Any CPU.Build.0 = Release|Any CPU
	EndGlobalSection
	GlobalSection(SolutionProperties) = preSolution
		HideSolutionNode = FALSE
	EndGlobalSection
EndGlobal
